github.com/noclaps/applause v0.3.1 h1:uh1584F1kuL9r63pLCnXSJxO+qRhDtB1HhWF89BtJFM=
github.com/noclaps/applause v0.3.1/go.mod h1:leCGvxrBZvIj0tfzAq92jJFANCB7Iegatva6zvSuJvQ=
github.com/noclaps/applause v0.3.2 h1:TDgAb3RLwjzGd8uc4x/Z/vFn/zlKugMgRzIzyj/01VU=
github.com/noclaps/applause v0.3.2/go.mod h1:leCGvxrBZvIj0tfzAq92jJFANCB7Iegatva6zvSuJvQ=
github.com/noclaps/applause v0.3.3 h1:bTpAEQLIw5OaOLujsyK5qQKjGeGT8OPPLi+ONdigy6M=
github.com/noclaps/applause v0.3.3/go.mod h1:leCGvxrBZvIj0tfzAq92jJFANCB7Iegatva6zvSuJvQ=
